// !$*UTF8*$!
{
	archiveVersion = 1;
	classes = {
	};
	objectVersion = 46;
	objects = {

/* Begin PBXBuildFile section */
		AA331E8F1935E50C001549EB /* Foundation.framework in Frameworks */ = {isa = PBXBuildFile; fileRef = AA331E8E1935E50C001549EB /* Foundation.framework */; };
		AA331E911935E50C001549EB /* CoreGraphics.framework in Frameworks */ = {isa = PBXBuildFile; fileRef = AA331E901935E50C001549EB /* CoreGraphics.framework */; };
		AA331E931935E50C001549EB /* UIKit.framework in Frameworks */ = {isa = PBXBuildFile; fileRef = AA331E921935E50C001549EB /* UIKit.framework */; };
		AA331E991935E50C001549EB /* InfoPlist.strings in Resources */ = {isa = PBXBuildFile; fileRef = AA331E971935E50C001549EB /* InfoPlist.strings */; };
		AA331E9B1935E50C001549EB /* main.m in Sources */ = {isa = PBXBuildFile; fileRef = AA331E9A1935E50C001549EB /* main.m */; };
		AA331E9F1935E50C001549EB /* MNTAppDelegate.m in Sources */ = {isa = PBXBuildFile; fileRef = AA331E9E1935E50C001549EB /* MNTAppDelegate.m */; };
		AA331EA11935E50C001549EB /* Images.xcassets in Resources */ = {isa = PBXBuildFile; fileRef = AA331EA01935E50C001549EB /* Images.xcassets */; };
		AA331EA81935E50C001549EB /* XCTest.framework in Frameworks */ = {isa = PBXBuildFile; fileRef = AA331EA71935E50C001549EB /* XCTest.framework */; };
		AA331EA91935E50C001549EB /* Foundation.framework in Frameworks */ = {isa = PBXBuildFile; fileRef = AA331E8E1935E50C001549EB /* Foundation.framework */; };
		AA331EAA1935E50C001549EB /* UIKit.framework in Frameworks */ = {isa = PBXBuildFile; fileRef = AA331E921935E50C001549EB /* UIKit.framework */; };
		AA331EB21935E50C001549EB /* InfoPlist.strings in Resources */ = {isa = PBXBuildFile; fileRef = AA331EB01935E50C001549EB /* InfoPlist.strings */; };
		AA331EB41935E50C001549EB /* ExampleCustomContentTests.m in Sources */ = {isa = PBXBuildFile; fileRef = AA331EB31935E50C001549EB /* ExampleCustomContentTests.m */; };
		AA331EBF1935E876001549EB /* MNTRootTableViewController.m in Sources */ = {isa = PBXBuildFile; fileRef = AA331EBE1935E876001549EB /* MNTRootTableViewController.m */; };
		AA331EC21935F975001549EB /* MentionViewController.m in Sources */ = {isa = PBXBuildFile; fileRef = AA331EC11935F975001549EB /* MentionViewController.m */; };
		AA331EC41935F9BE001549EB /* libPullToReact.a in Frameworks */ = {isa = PBXBuildFile; fileRef = AA331EC31935F9BE001549EB /* libPullToReact.a */; };
		AA5E6ECB193F136200B8FAE9 /* RefreshViewController.m in Sources */ = {isa = PBXBuildFile; fileRef = AA5E6ECA193F136200B8FAE9 /* RefreshViewController.m */; };
		AA5E6ED2193F152800B8FAE9 /* CKRefreshArrowView.m in Sources */ = {isa = PBXBuildFile; fileRef = AA5E6ED1193F152800B8FAE9 /* CKRefreshArrowView.m */; };
		AA5E6ED5193F18A400B8FAE9 /* RefreshPullToReactView.m in Sources */ = {isa = PBXBuildFile; fileRef = AA5E6ED4193F18A400B8FAE9 /* RefreshPullToReactView.m */; };
		AA7398E1193CA4F100A264AE /* MNTRadioDialViewController.m in Sources */ = {isa = PBXBuildFile; fileRef = AA7398E0193CA4F100A264AE /* MNTRadioDialViewController.m */; };
		AA7398E5193CA5A900A264AE /* RadioDialPullToReactView.m in Sources */ = {isa = PBXBuildFile; fileRef = AA7398E4193CA5A900A264AE /* RadioDialPullToReactView.m */; };
		AA7398E8193CAD0200A264AE /* RadioDialView.m in Sources */ = {isa = PBXBuildFile; fileRef = AA7398E7193CAD0200A264AE /* RadioDialView.m */; };
		AA7398EB193D2AFF00A264AE /* radiodialbg@2x.png in Resources */ = {isa = PBXBuildFile; fileRef = AA7398EA193D2AFF00A264AE /* radiodialbg@2x.png */; };
		AAA69526193D318500D59A02 /* radiodialbg.png in Resources */ = {isa = PBXBuildFile; fileRef = AAA69525193D318500D59A02 /* radiodialbg.png */; };
		AAE55E771936149A00E09DCF /* pulldown-archive-hled.png in Resources */ = {isa = PBXBuildFile; fileRef = AAE55E611936149A00E09DCF /* pulldown-archive-hled.png */; };
		AAE55E781936149A00E09DCF /* pulldown-archive-hled@2x.png in Resources */ = {isa = PBXBuildFile; fileRef = AAE55E621936149A00E09DCF /* pulldown-archive-hled@2x.png */; };
		AAE55E791936149A00E09DCF /* pulldown-archive.png in Resources */ = {isa = PBXBuildFile; fileRef = AAE55E631936149A00E09DCF /* pulldown-archive.png */; };
		AAE55E7A1936149A00E09DCF /* pulldown-archive@2x.png in Resources */ = {isa = PBXBuildFile; fileRef = AAE55E641936149A00E09DCF /* pulldown-archive@2x.png */; };
		AAE55E7B1936149A00E09DCF /* pulldown-ban-hled.png in Resources */ = {isa = PBXBuildFile; fileRef = AAE55E651936149A00E09DCF /* pulldown-ban-hled.png */; };
		AAE55E7C1936149A00E09DCF /* pulldown-ban-hled@2x.png in Resources */ = {isa = PBXBuildFile; fileRef = AAE55E661936149A00E09DCF /* pulldown-ban-hled@2x.png */; };
		AAE55E7D1936149A00E09DCF /* pulldown-ban.png in Resources */ = {isa = PBXBuildFile; fileRef = AAE55E671936149A00E09DCF /* pulldown-ban.png */; };
		AAE55E7E1936149A00E09DCF /* pulldown-ban@2x.png in Resources */ = {isa = PBXBuildFile; fileRef = AAE55E681936149A00E09DCF /* pulldown-ban@2x.png */; };
		AAE55E7F1936149A00E09DCF /* pulldown-favorite-hled.png in Resources */ = {isa = PBXBuildFile; fileRef = AAE55E691936149A00E09DCF /* pulldown-favorite-hled.png */; };
		AAE55E801936149A00E09DCF /* pulldown-favorite-hled@2x.png in Resources */ = {isa = PBXBuildFile; fileRef = AAE55E6A1936149A00E09DCF /* pulldown-favorite-hled@2x.png */; };
		AAE55E811936149A00E09DCF /* pulldown-favorite.png in Resources */ = {isa = PBXBuildFile; fileRef = AAE55E6B1936149A00E09DCF /* pulldown-favorite.png */; };
		AAE55E821936149A00E09DCF /* pulldown-favorite@2x.png in Resources */ = {isa = PBXBuildFile; fileRef = AAE55E6C1936149A00E09DCF /* pulldown-favorite@2x.png */; };
		AAE55E831936149A00E09DCF /* pulldown-irrelevant-hled.png in Resources */ = {isa = PBXBuildFile; fileRef = AAE55E6D1936149A00E09DCF /* pulldown-irrelevant-hled.png */; };
		AAE55E841936149A00E09DCF /* pulldown-irrelevant-hled@2x.png in Resources */ = {isa = PBXBuildFile; fileRef = AAE55E6E1936149A00E09DCF /* pulldown-irrelevant-hled@2x.png */; };
		AAE55E851936149A00E09DCF /* pulldown-irrelevant.png in Resources */ = {isa = PBXBuildFile; fileRef = AAE55E6F1936149A00E09DCF /* pulldown-irrelevant.png */; };
		AAE55E861936149A00E09DCF /* pulldown-irrelevant@2x.png in Resources */ = {isa = PBXBuildFile; fileRef = AAE55E701936149A00E09DCF /* pulldown-irrelevant@2x.png */; };
		AAE55E871936149A00E09DCF /* pulldown-trash-hled.png in Resources */ = {isa = PBXBuildFile; fileRef = AAE55E711936149A00E09DCF /* pulldown-trash-hled.png */; };
		AAE55E881936149A00E09DCF /* pulldown-trash-hled@2x.png in Resources */ = {isa = PBXBuildFile; fileRef = AAE55E721936149A00E09DCF /* pulldown-trash-hled@2x.png */; };
		AAE55E891936149A00E09DCF /* pulldown-trash.png in Resources */ = {isa = PBXBuildFile; fileRef = AAE55E731936149A00E09DCF /* pulldown-trash.png */; };
		AAE55E8A1936149A00E09DCF /* pulldown-trash@2x.png in Resources */ = {isa = PBXBuildFile; fileRef = AAE55E741936149A00E09DCF /* pulldown-trash@2x.png */; };
		AAE55E8B1936149A00E09DCF /* MentionPullToReactView.m in Sources */ = {isa = PBXBuildFile; fileRef = AAE55E751936149A00E09DCF /* MentionPullToReactView.m */; };
/* End PBXBuildFile section */

/* Begin PBXContainerItemProxy section */
		AA331EAB1935E50C001549EB /* PBXContainerItemProxy */ = {
			isa = PBXContainerItemProxy;
			containerPortal = AA331E831935E50C001549EB /* Project object */;
			proxyType = 1;
			remoteGlobalIDString = AA331E8A1935E50C001549EB;
			remoteInfo = ExampleCustomContent;
		};
/* End PBXContainerItemProxy section */

/* Begin PBXFileReference section */
		AA331E8B1935E50C001549EB /* ExampleCustomContent.app */ = {isa = PBXFileReference; explicitFileType = wrapper.application; includeInIndex = 0; path = ExampleCustomContent.app; sourceTree = BUILT_PRODUCTS_DIR; };
		AA331E8E1935E50C001549EB /* Foundation.framework */ = {isa = PBXFileReference; lastKnownFileType = wrapper.framework; name = Foundation.framework; path = System/Library/Frameworks/Foundation.framework; sourceTree = SDKROOT; };
		AA331E901935E50C001549EB /* CoreGraphics.framework */ = {isa = PBXFileReference; lastKnownFileType = wrapper.framework; name = CoreGraphics.framework; path = System/Library/Frameworks/CoreGraphics.framework; sourceTree = SDKROOT; };
		AA331E921935E50C001549EB /* UIKit.framework */ = {isa = PBXFileReference; lastKnownFileType = wrapper.framework; name = UIKit.framework; path = System/Library/Frameworks/UIKit.framework; sourceTree = SDKROOT; };
		AA331E961935E50C001549EB /* ExampleCustomContent-Info.plist */ = {isa = PBXFileReference; lastKnownFileType = text.plist.xml; path = "ExampleCustomContent-Info.plist"; sourceTree = "<group>"; };
		AA331E981935E50C001549EB /* en */ = {isa = PBXFileReference; lastKnownFileType = text.plist.strings; name = en; path = en.lproj/InfoPlist.strings; sourceTree = "<group>"; };
		AA331E9A1935E50C001549EB /* main.m */ = {isa = PBXFileReference; lastKnownFileType = sourcecode.c.objc; path = main.m; sourceTree = "<group>"; };
		AA331E9C1935E50C001549EB /* ExampleCustomContent-Prefix.pch */ = {isa = PBXFileReference; lastKnownFileType = sourcecode.c.h; path = "ExampleCustomContent-Prefix.pch"; sourceTree = "<group>"; };
		AA331E9D1935E50C001549EB /* MNTAppDelegate.h */ = {isa = PBXFileReference; lastKnownFileType = sourcecode.c.h; path = MNTAppDelegate.h; sourceTree = "<group>"; };
		AA331E9E1935E50C001549EB /* MNTAppDelegate.m */ = {isa = PBXFileReference; lastKnownFileType = sourcecode.c.objc; path = MNTAppDelegate.m; sourceTree = "<group>"; };
		AA331EA01935E50C001549EB /* Images.xcassets */ = {isa = PBXFileReference; lastKnownFileType = folder.assetcatalog; path = Images.xcassets; sourceTree = "<group>"; };
		AA331EA61935E50C001549EB /* ExampleCustomContentTests.xctest */ = {isa = PBXFileReference; explicitFileType = wrapper.cfbundle; includeInIndex = 0; path = ExampleCustomContentTests.xctest; sourceTree = BUILT_PRODUCTS_DIR; };
		AA331EA71935E50C001549EB /* XCTest.framework */ = {isa = PBXFileReference; lastKnownFileType = wrapper.framework; name = XCTest.framework; path = Library/Frameworks/XCTest.framework; sourceTree = DEVELOPER_DIR; };
		AA331EAF1935E50C001549EB /* ExampleCustomContentTests-Info.plist */ = {isa = PBXFileReference; lastKnownFileType = text.plist.xml; path = "ExampleCustomContentTests-Info.plist"; sourceTree = "<group>"; };
		AA331EB11935E50C001549EB /* en */ = {isa = PBXFileReference; lastKnownFileType = text.plist.strings; name = en; path = en.lproj/InfoPlist.strings; sourceTree = "<group>"; };
		AA331EB31935E50C001549EB /* ExampleCustomContentTests.m */ = {isa = PBXFileReference; lastKnownFileType = sourcecode.c.objc; path = ExampleCustomContentTests.m; sourceTree = "<group>"; };
		AA331EBD1935E876001549EB /* MNTRootTableViewController.h */ = {isa = PBXFileReference; fileEncoding = 4; lastKnownFileType = sourcecode.c.h; path = MNTRootTableViewController.h; sourceTree = "<group>"; };
		AA331EBE1935E876001549EB /* MNTRootTableViewController.m */ = {isa = PBXFileReference; fileEncoding = 4; lastKnownFileType = sourcecode.c.objc; path = MNTRootTableViewController.m; sourceTree = "<group>"; };
		AA331EC01935F975001549EB /* MentionViewController.h */ = {isa = PBXFileReference; fileEncoding = 4; lastKnownFileType = sourcecode.c.h; path = MentionViewController.h; sourceTree = "<group>"; };
		AA331EC11935F975001549EB /* MentionViewController.m */ = {isa = PBXFileReference; fileEncoding = 4; lastKnownFileType = sourcecode.c.objc; path = MentionViewController.m; sourceTree = "<group>"; };
		AA331EC31935F9BE001549EB /* libPullToReact.a */ = {isa = PBXFileReference; lastKnownFileType = archive.ar; name = libPullToReact.a; path = "../PullToReact/build/Debug-iphoneos/libPullToReact.a"; sourceTree = "<group>"; };
		AA5E6EC9193F136200B8FAE9 /* RefreshViewController.h */ = {isa = PBXFileReference; fileEncoding = 4; lastKnownFileType = sourcecode.c.h; path = RefreshViewController.h; sourceTree = "<group>"; };
		AA5E6ECA193F136200B8FAE9 /* RefreshViewController.m */ = {isa = PBXFileReference; fileEncoding = 4; lastKnownFileType = sourcecode.c.objc; path = RefreshViewController.m; sourceTree = "<group>"; };
		AA5E6ED0193F152800B8FAE9 /* CKRefreshArrowView.h */ = {isa = PBXFileReference; fileEncoding = 4; lastKnownFileType = sourcecode.c.h; path = CKRefreshArrowView.h; sourceTree = "<group>"; };
		AA5E6ED1193F152800B8FAE9 /* CKRefreshArrowView.m */ = {isa = PBXFileReference; fileEncoding = 4; lastKnownFileType = sourcecode.c.objc; path = CKRefreshArrowView.m; sourceTree = "<group>"; };
		AA5E6ED3193F18A400B8FAE9 /* RefreshPullToReactView.h */ = {isa = PBXFileReference; fileEncoding = 4; lastKnownFileType = sourcecode.c.h; path = RefreshPullToReactView.h; sourceTree = "<group>"; };
		AA5E6ED4193F18A400B8FAE9 /* RefreshPullToReactView.m */ = {isa = PBXFileReference; fileEncoding = 4; lastKnownFileType = sourcecode.c.objc; path = RefreshPullToReactView.m; sourceTree = "<group>"; };
		AA7398DF193CA4F100A264AE /* MNTRadioDialViewController.h */ = {isa = PBXFileReference; fileEncoding = 4; lastKnownFileType = sourcecode.c.h; path = MNTRadioDialViewController.h; sourceTree = "<group>"; };
		AA7398E0193CA4F100A264AE /* MNTRadioDialViewController.m */ = {isa = PBXFileReference; fileEncoding = 4; lastKnownFileType = sourcecode.c.objc; path = MNTRadioDialViewController.m; sourceTree = "<group>"; };
		AA7398E3193CA5A900A264AE /* RadioDialPullToReactView.h */ = {isa = PBXFileReference; fileEncoding = 4; lastKnownFileType = sourcecode.c.h; path = RadioDialPullToReactView.h; sourceTree = "<group>"; };
		AA7398E4193CA5A900A264AE /* RadioDialPullToReactView.m */ = {isa = PBXFileReference; fileEncoding = 4; lastKnownFileType = sourcecode.c.objc; path = RadioDialPullToReactView.m; sourceTree = "<group>"; };
		AA7398E6193CAD0200A264AE /* RadioDialView.h */ = {isa = PBXFileReference; fileEncoding = 4; lastKnownFileType = sourcecode.c.h; path = RadioDialView.h; sourceTree = "<group>"; };
		AA7398E7193CAD0200A264AE /* RadioDialView.m */ = {isa = PBXFileReference; fileEncoding = 4; lastKnownFileType = sourcecode.c.objc; path = RadioDialView.m; sourceTree = "<group>"; };
		AA7398EA193D2AFF00A264AE /* radiodialbg@2x.png */ = {isa = PBXFileReference; lastKnownFileType = image.png; path = "radiodialbg@2x.png"; sourceTree = "<group>"; };
		AAA69525193D318500D59A02 /* radiodialbg.png */ = {isa = PBXFileReference; lastKnownFileType = image.png; path = radiodialbg.png; sourceTree = "<group>"; };
		AAE55E611936149A00E09DCF /* pulldown-archive-hled.png */ = {isa = PBXFileReference; lastKnownFileType = image.png; path = "pulldown-archive-hled.png"; sourceTree = "<group>"; };
		AAE55E621936149A00E09DCF /* pulldown-archive-hled@2x.png */ = {isa = PBXFileReference; lastKnownFileType = image.png; path = "pulldown-archive-hled@2x.png"; sourceTree = "<group>"; };
		AAE55E631936149A00E09DCF /* pulldown-archive.png */ = {isa = PBXFileReference; lastKnownFileType = image.png; path = "pulldown-archive.png"; sourceTree = "<group>"; };
		AAE55E641936149A00E09DCF /* pulldown-archive@2x.png */ = {isa = PBXFileReference; lastKnownFileType = image.png; path = "pulldown-archive@2x.png"; sourceTree = "<group>"; };
		AAE55E651936149A00E09DCF /* pulldown-ban-hled.png */ = {isa = PBXFileReference; lastKnownFileType = image.png; path = "pulldown-ban-hled.png"; sourceTree = "<group>"; };
		AAE55E661936149A00E09DCF /* pulldown-ban-hled@2x.png */ = {isa = PBXFileReference; lastKnownFileType = image.png; path = "pulldown-ban-hled@2x.png"; sourceTree = "<group>"; };
		AAE55E671936149A00E09DCF /* pulldown-ban.png */ = {isa = PBXFileReference; lastKnownFileType = image.png; path = "pulldown-ban.png"; sourceTree = "<group>"; };
		AAE55E681936149A00E09DCF /* pulldown-ban@2x.png */ = {isa = PBXFileReference; lastKnownFileType = image.png; path = "pulldown-ban@2x.png"; sourceTree = "<group>"; };
		AAE55E691936149A00E09DCF /* pulldown-favorite-hled.png */ = {isa = PBXFileReference; lastKnownFileType = image.png; path = "pulldown-favorite-hled.png"; sourceTree = "<group>"; };
		AAE55E6A1936149A00E09DCF /* pulldown-favorite-hled@2x.png */ = {isa = PBXFileReference; lastKnownFileType = image.png; path = "pulldown-favorite-hled@2x.png"; sourceTree = "<group>"; };
		AAE55E6B1936149A00E09DCF /* pulldown-favorite.png */ = {isa = PBXFileReference; lastKnownFileType = image.png; path = "pulldown-favorite.png"; sourceTree = "<group>"; };
		AAE55E6C1936149A00E09DCF /* pulldown-favorite@2x.png */ = {isa = PBXFileReference; lastKnownFileType = image.png; path = "pulldown-favorite@2x.png"; sourceTree = "<group>"; };
		AAE55E6D1936149A00E09DCF /* pulldown-irrelevant-hled.png */ = {isa = PBXFileReference; lastKnownFileType = image.png; path = "pulldown-irrelevant-hled.png"; sourceTree = "<group>"; };
		AAE55E6E1936149A00E09DCF /* pulldown-irrelevant-hled@2x.png */ = {isa = PBXFileReference; lastKnownFileType = image.png; path = "pulldown-irrelevant-hled@2x.png"; sourceTree = "<group>"; };
		AAE55E6F1936149A00E09DCF /* pulldown-irrelevant.png */ = {isa = PBXFileReference; lastKnownFileType = image.png; path = "pulldown-irrelevant.png"; sourceTree = "<group>"; };
		AAE55E701936149A00E09DCF /* pulldown-irrelevant@2x.png */ = {isa = PBXFileReference; lastKnownFileType = image.png; path = "pulldown-irrelevant@2x.png"; sourceTree = "<group>"; };
		AAE55E711936149A00E09DCF /* pulldown-trash-hled.png */ = {isa = PBXFileReference; lastKnownFileType = image.png; path = "pulldown-trash-hled.png"; sourceTree = "<group>"; };
		AAE55E721936149A00E09DCF /* pulldown-trash-hled@2x.png */ = {isa = PBXFileReference; lastKnownFileType = image.png; path = "pulldown-trash-hled@2x.png"; sourceTree = "<group>"; };
		AAE55E731936149A00E09DCF /* pulldown-trash.png */ = {isa = PBXFileReference; lastKnownFileType = image.png; path = "pulldown-trash.png"; sourceTree = "<group>"; };
		AAE55E741936149A00E09DCF /* pulldown-trash@2x.png */ = {isa = PBXFileReference; lastKnownFileType = image.png; path = "pulldown-trash@2x.png"; sourceTree = "<group>"; };
		AAE55E751936149A00E09DCF /* MentionPullToReactView.m */ = {isa = PBXFileReference; fileEncoding = 4; lastKnownFileType = sourcecode.c.objc; path = MentionPullToReactView.m; sourceTree = "<group>"; };
		AAE55E761936149A00E09DCF /* MentionPullToReactView.h */ = {isa = PBXFileReference; fileEncoding = 4; lastKnownFileType = sourcecode.c.h; path = MentionPullToReactView.h; sourceTree = "<group>"; };
/* End PBXFileReference section */

/* Begin PBXFrameworksBuildPhase section */
		AA331E881935E50C001549EB /* Frameworks */ = {
			isa = PBXFrameworksBuildPhase;
			buildActionMask = 2147483647;
			files = (
				AA331EC41935F9BE001549EB /* libPullToReact.a in Frameworks */,
				AA331E911935E50C001549EB /* CoreGraphics.framework in Frameworks */,
				AA331E931935E50C001549EB /* UIKit.framework in Frameworks */,
				AA331E8F1935E50C001549EB /* Foundation.framework in Frameworks */,
			);
			runOnlyForDeploymentPostprocessing = 0;
		};
		AA331EA31935E50C001549EB /* Frameworks */ = {
			isa = PBXFrameworksBuildPhase;
			buildActionMask = 2147483647;
			files = (
				AA331EA81935E50C001549EB /* XCTest.framework in Frameworks */,
				AA331EAA1935E50C001549EB /* UIKit.framework in Frameworks */,
				AA331EA91935E50C001549EB /* Foundation.framework in Frameworks */,
			);
			runOnlyForDeploymentPostprocessing = 0;
		};
/* End PBXFrameworksBuildPhase section */

/* Begin PBXGroup section */
		AA331E821935E50C001549EB = {
			isa = PBXGroup;
			children = (
				AA331E941935E50C001549EB /* ExampleCustomContent */,
				AA331EAD1935E50C001549EB /* ExampleCustomContentTests */,
				AA331E8D1935E50C001549EB /* Frameworks */,
				AA331E8C1935E50C001549EB /* Products */,
			);
			sourceTree = "<group>";
		};
		AA331E8C1935E50C001549EB /* Products */ = {
			isa = PBXGroup;
			children = (
				AA331E8B1935E50C001549EB /* ExampleCustomContent.app */,
				AA331EA61935E50C001549EB /* ExampleCustomContentTests.xctest */,
			);
			name = Products;
			sourceTree = "<group>";
		};
		AA331E8D1935E50C001549EB /* Frameworks */ = {
			isa = PBXGroup;
			children = (
				AA331EC31935F9BE001549EB /* libPullToReact.a */,
				AA331E8E1935E50C001549EB /* Foundation.framework */,
				AA331E901935E50C001549EB /* CoreGraphics.framework */,
				AA331E921935E50C001549EB /* UIKit.framework */,
				AA331EA71935E50C001549EB /* XCTest.framework */,
			);
			name = Frameworks;
			sourceTree = "<group>";
		};
		AA331E941935E50C001549EB /* ExampleCustomContent */ = {
			isa = PBXGroup;
			children = (
				AA331E9D1935E50C001549EB /* MNTAppDelegate.h */,
				AA331E9E1935E50C001549EB /* MNTAppDelegate.m */,
				AA331EBD1935E876001549EB /* MNTRootTableViewController.h */,
				AA331EBE1935E876001549EB /* MNTRootTableViewController.m */,
				AA7398DE193CA4B900A264AE /* Mention pull to react */,
				AA7398E2193CA4FF00A264AE /* Radio dial */,
				AA5E6ECF193F14E400B8FAE9 /* Pull to refresh example */,
				AA331EA01935E50C001549EB /* Images.xcassets */,
				AA331E951935E50C001549EB /* Supporting Files */,
			);
			path = ExampleCustomContent;
			sourceTree = "<group>";
		};
		AA331E951935E50C001549EB /* Supporting Files */ = {
			isa = PBXGroup;
			children = (
				AA331E961935E50C001549EB /* ExampleCustomContent-Info.plist */,
				AA331E971935E50C001549EB /* InfoPlist.strings */,
				AA331E9A1935E50C001549EB /* main.m */,
				AA331E9C1935E50C001549EB /* ExampleCustomContent-Prefix.pch */,
			);
			name = "Supporting Files";
			sourceTree = "<group>";
		};
		AA331EAD1935E50C001549EB /* ExampleCustomContentTests */ = {
			isa = PBXGroup;
			children = (
				AA331EB31935E50C001549EB /* ExampleCustomContentTests.m */,
				AA331EAE1935E50C001549EB /* Supporting Files */,
			);
			path = ExampleCustomContentTests;
			sourceTree = "<group>";
		};
		AA331EAE1935E50C001549EB /* Supporting Files */ = {
			isa = PBXGroup;
			children = (
				AA331EAF1935E50C001549EB /* ExampleCustomContentTests-Info.plist */,
				AA331EB01935E50C001549EB /* InfoPlist.strings */,
			);
			name = "Supporting Files";
			sourceTree = "<group>";
		};
		AA5E6ECF193F14E400B8FAE9 /* Pull to refresh example */ = {
			isa = PBXGroup;
			children = (
				AA5E6EC9193F136200B8FAE9 /* RefreshViewController.h */,
				AA5E6ECA193F136200B8FAE9 /* RefreshViewController.m */,
				AA5E6ED3193F18A400B8FAE9 /* RefreshPullToReactView.h */,
				AA5E6ED4193F18A400B8FAE9 /* RefreshPullToReactView.m */,
				AA5E6ED0193F152800B8FAE9 /* CKRefreshArrowView.h */,
				AA5E6ED1193F152800B8FAE9 /* CKRefreshArrowView.m */,
			);
			name = "Pull to refresh example";
			sourceTree = "<group>";
		};
		AA7398DE193CA4B900A264AE /* Mention pull to react */ = {
			isa = PBXGroup;
			children = (
				AA331EC01935F975001549EB /* MentionViewController.h */,
				AA331EC11935F975001549EB /* MentionViewController.m */,
				AAE55E761936149A00E09DCF /* MentionPullToReactView.h */,
				AAE55E751936149A00E09DCF /* MentionPullToReactView.m */,
				AAE55E601936149A00E09DCF /* MentionPullToReactView */,
			);
			name = "Mention pull to react";
			sourceTree = "<group>";
		};
		AA7398E2193CA4FF00A264AE /* Radio dial */ = {
			isa = PBXGroup;
			children = (
				AA7398DF193CA4F100A264AE /* MNTRadioDialViewController.h */,
				AA7398E0193CA4F100A264AE /* MNTRadioDialViewController.m */,
				AA7398E6193CAD0200A264AE /* RadioDialView.h */,
				AA7398E7193CAD0200A264AE /* RadioDialView.m */,
				AA7398E3193CA5A900A264AE /* RadioDialPullToReactView.h */,
				AA7398E4193CA5A900A264AE /* RadioDialPullToReactView.m */,
				AA7398E9193D2AFF00A264AE /* RadioDialPullToReactView */,
			);
			name = "Radio dial";
			sourceTree = "<group>";
		};
		AA7398E9193D2AFF00A264AE /* RadioDialPullToReactView */ = {
			isa = PBXGroup;
			children = (
				AAA69525193D318500D59A02 /* radiodialbg.png */,
				AA7398EA193D2AFF00A264AE /* radiodialbg@2x.png */,
			);
			path = RadioDialPullToReactView;
			sourceTree = "<group>";
		};
		AAE55E601936149A00E09DCF /* MentionPullToReactView */ = {
			isa = PBXGroup;
			children = (
				AAE55E611936149A00E09DCF /* pulldown-archive-hled.png */,
				AAE55E621936149A00E09DCF /* pulldown-archive-hled@2x.png */,
				AAE55E631936149A00E09DCF /* pulldown-archive.png */,
				AAE55E641936149A00E09DCF /* pulldown-archive@2x.png */,
				AAE55E651936149A00E09DCF /* pulldown-ban-hled.png */,
				AAE55E661936149A00E09DCF /* pulldown-ban-hled@2x.png */,
				AAE55E671936149A00E09DCF /* pulldown-ban.png */,
				AAE55E681936149A00E09DCF /* pulldown-ban@2x.png */,
				AAE55E691936149A00E09DCF /* pulldown-favorite-hled.png */,
				AAE55E6A1936149A00E09DCF /* pulldown-favorite-hled@2x.png */,
				AAE55E6B1936149A00E09DCF /* pulldown-favorite.png */,
				AAE55E6C1936149A00E09DCF /* pulldown-favorite@2x.png */,
				AAE55E6D1936149A00E09DCF /* pulldown-irrelevant-hled.png */,
				AAE55E6E1936149A00E09DCF /* pulldown-irrelevant-hled@2x.png */,
				AAE55E6F1936149A00E09DCF /* pulldown-irrelevant.png */,
				AAE55E701936149A00E09DCF /* pulldown-irrelevant@2x.png */,
				AAE55E711936149A00E09DCF /* pulldown-trash-hled.png */,
				AAE55E721936149A00E09DCF /* pulldown-trash-hled@2x.png */,
				AAE55E731936149A00E09DCF /* pulldown-trash.png */,
				AAE55E741936149A00E09DCF /* pulldown-trash@2x.png */,
			);
			path = MentionPullToReactView;
			sourceTree = "<group>";
		};
/* End PBXGroup section */

/* Begin PBXNativeTarget section */
		AA331E8A1935E50C001549EB /* ExampleCustomContent */ = {
			isa = PBXNativeTarget;
			buildConfigurationList = AA331EB71935E50C001549EB /* Build configuration list for PBXNativeTarget "ExampleCustomContent" */;
			buildPhases = (
				AA331E871935E50C001549EB /* Sources */,
				AA331E881935E50C001549EB /* Frameworks */,
				AA331E891935E50C001549EB /* Resources */,
			);
			buildRules = (
			);
			dependencies = (
			);
			name = ExampleCustomContent;
			productName = ExampleCustomContent;
			productReference = AA331E8B1935E50C001549EB /* ExampleCustomContent.app */;
			productType = "com.apple.product-type.application";
		};
		AA331EA51935E50C001549EB /* ExampleCustomContentTests */ = {
			isa = PBXNativeTarget;
			buildConfigurationList = AA331EBA1935E50C001549EB /* Build configuration list for PBXNativeTarget "ExampleCustomContentTests" */;
			buildPhases = (
				AA331EA21935E50C001549EB /* Sources */,
				AA331EA31935E50C001549EB /* Frameworks */,
				AA331EA41935E50C001549EB /* Resources */,
			);
			buildRules = (
			);
			dependencies = (
				AA331EAC1935E50C001549EB /* PBXTargetDependency */,
			);
			name = ExampleCustomContentTests;
			productName = ExampleCustomContentTests;
			productReference = AA331EA61935E50C001549EB /* ExampleCustomContentTests.xctest */;
			productType = "com.apple.product-type.bundle.unit-test";
		};
/* End PBXNativeTarget section */

/* Begin PBXProject section */
		AA331E831935E50C001549EB /* Project object */ = {
			isa = PBXProject;
			attributes = {
				CLASSPREFIX = MNT;
				LastUpgradeCheck = 0510;
				ORGANIZATIONNAME = mention.com;
				TargetAttributes = {
					AA331EA51935E50C001549EB = {
						TestTargetID = AA331E8A1935E50C001549EB;
					};
				};
			};
			buildConfigurationList = AA331E861935E50C001549EB /* Build configuration list for PBXProject "ExampleCustomContent" */;
			compatibilityVersion = "Xcode 3.2";
			developmentRegion = English;
			hasScannedForEncodings = 0;
			knownRegions = (
				en,
			);
			mainGroup = AA331E821935E50C001549EB;
			productRefGroup = AA331E8C1935E50C001549EB /* Products */;
			projectDirPath = "";
			projectRoot = "";
			targets = (
				AA331E8A1935E50C001549EB /* ExampleCustomContent */,
				AA331EA51935E50C001549EB /* ExampleCustomContentTests */,
			);
		};
/* End PBXProject section */

/* Begin PBXResourcesBuildPhase section */
		AA331E891935E50C001549EB /* Resources */ = {
			isa = PBXResourcesBuildPhase;
			buildActionMask = 2147483647;
			files = (
				AAE55E791936149A00E09DCF /* pulldown-archive.png in Resources */,
				AAE55E881936149A00E09DCF /* pulldown-trash-hled@2x.png in Resources */,
				AAE55E771936149A00E09DCF /* pulldown-archive-hled.png in Resources */,
				AAE55E811936149A00E09DCF /* pulldown-favorite.png in Resources */,
				AAE55E821936149A00E09DCF /* pulldown-favorite@2x.png in Resources */,
				AAE55E871936149A00E09DCF /* pulldown-trash-hled.png in Resources */,
				AAE55E841936149A00E09DCF /* pulldown-irrelevant-hled@2x.png in Resources */,
				AAE55E801936149A00E09DCF /* pulldown-favorite-hled@2x.png in Resources */,
				AAE55E851936149A00E09DCF /* pulldown-irrelevant.png in Resources */,
				AAE55E7C1936149A00E09DCF /* pulldown-ban-hled@2x.png in Resources */,
				AAE55E7F1936149A00E09DCF /* pulldown-favorite-hled.png in Resources */,
				AAE55E891936149A00E09DCF /* pulldown-trash.png in Resources */,
				AA331E991935E50C001549EB /* InfoPlist.strings in Resources */,
				AAE55E831936149A00E09DCF /* pulldown-irrelevant-hled.png in Resources */,
				AAE55E8A1936149A00E09DCF /* pulldown-trash@2x.png in Resources */,
				AA331EA11935E50C001549EB /* Images.xcassets in Resources */,
				AA7398EB193D2AFF00A264AE /* radiodialbg@2x.png in Resources */,
				AAE55E7E1936149A00E09DCF /* pulldown-ban@2x.png in Resources */,
				AAE55E7B1936149A00E09DCF /* pulldown-ban-hled.png in Resources */,
				AAE55E7A1936149A00E09DCF /* pulldown-archive@2x.png in Resources */,
				AAA69526193D318500D59A02 /* radiodialbg.png in Resources */,
				AAE55E781936149A00E09DCF /* pulldown-archive-hled@2x.png in Resources */,
				AAE55E7D1936149A00E09DCF /* pulldown-ban.png in Resources */,
				AAE55E861936149A00E09DCF /* pulldown-irrelevant@2x.png in Resources */,
			);
			runOnlyForDeploymentPostprocessing = 0;
		};
		AA331EA41935E50C001549EB /* Resources */ = {
			isa = PBXResourcesBuildPhase;
			buildActionMask = 2147483647;
			files = (
				AA331EB21935E50C001549EB /* InfoPlist.strings in Resources */,
			);
			runOnlyForDeploymentPostprocessing = 0;
		};
/* End PBXResourcesBuildPhase section */

/* Begin PBXSourcesBuildPhase section */
		AA331E871935E50C001549EB /* Sources */ = {
			isa = PBXSourcesBuildPhase;
			buildActionMask = 2147483647;
			files = (
				AA331E9F1935E50C001549EB /* MNTAppDelegate.m in Sources */,
				AA7398E5193CA5A900A264AE /* RadioDialPullToReactView.m in Sources */,
				AA5E6ED2193F152800B8FAE9 /* CKRefreshArrowView.m in Sources */,
				AA5E6ECB193F136200B8FAE9 /* RefreshViewController.m in Sources */,
				AA331EC21935F975001549EB /* MentionViewController.m in Sources */,
				AAE55E8B1936149A00E09DCF /* MentionPullToReactView.m in Sources */,
				AA331EBF1935E876001549EB /* MNTRootTableViewController.m in Sources */,
				AA7398E1193CA4F100A264AE /* MNTRadioDialViewController.m in Sources */,
				AA5E6ED5193F18A400B8FAE9 /* RefreshPullToReactView.m in Sources */,
				AA7398E8193CAD0200A264AE /* RadioDialView.m in Sources */,
				AA331E9B1935E50C001549EB /* main.m in Sources */,
			);
			runOnlyForDeploymentPostprocessing = 0;
		};
		AA331EA21935E50C001549EB /* Sources */ = {
			isa = PBXSourcesBuildPhase;
			buildActionMask = 2147483647;
			files = (
				AA331EB41935E50C001549EB /* ExampleCustomContentTests.m in Sources */,
			);
			runOnlyForDeploymentPostprocessing = 0;
		};
/* End PBXSourcesBuildPhase section */

/* Begin PBXTargetDependency section */
		AA331EAC1935E50C001549EB /* PBXTargetDependency */ = {
			isa = PBXTargetDependency;
			target = AA331E8A1935E50C001549EB /* ExampleCustomContent */;
			targetProxy = AA331EAB1935E50C001549EB /* PBXContainerItemProxy */;
		};
/* End PBXTargetDependency section */

/* Begin PBXVariantGroup section */
		AA331E971935E50C001549EB /* InfoPlist.strings */ = {
			isa = PBXVariantGroup;
			children = (
				AA331E981935E50C001549EB /* en */,
			);
			name = InfoPlist.strings;
			sourceTree = "<group>";
		};
		AA331EB01935E50C001549EB /* InfoPlist.strings */ = {
			isa = PBXVariantGroup;
			children = (
				AA331EB11935E50C001549EB /* en */,
			);
			name = InfoPlist.strings;
			sourceTree = "<group>";
		};
/* End PBXVariantGroup section */

/* Begin XCBuildConfiguration section */
		AA331EB51935E50C001549EB /* Debug */ = {
			isa = XCBuildConfiguration;
			buildSettings = {
				ALWAYS_SEARCH_USER_PATHS = NO;
				CLANG_CXX_LANGUAGE_STANDARD = "gnu++0x";
				CLANG_CXX_LIBRARY = "libc++";
				CLANG_ENABLE_MODULES = YES;
				CLANG_ENABLE_OBJC_ARC = YES;
				CLANG_WARN_BOOL_CONVERSION = YES;
				CLANG_WARN_CONSTANT_CONVERSION = YES;
				CLANG_WARN_DIRECT_OBJC_ISA_USAGE = YES_ERROR;
				CLANG_WARN_EMPTY_BODY = YES;
				CLANG_WARN_ENUM_CONVERSION = YES;
				CLANG_WARN_INT_CONVERSION = YES;
				CLANG_WARN_OBJC_ROOT_CLASS = YES_ERROR;
				CLANG_WARN__DUPLICATE_METHOD_MATCH = YES;
				"CODE_SIGN_IDENTITY[sdk=iphoneos*]" = "iPhone Developer";
				COPY_PHASE_STRIP = NO;
				GCC_C_LANGUAGE_STANDARD = gnu99;
				GCC_DYNAMIC_NO_PIC = NO;
				GCC_OPTIMIZATION_LEVEL = 0;
				GCC_PREPROCESSOR_DEFINITIONS = (
					"DEBUG=1",
					"$(inherited)",
				);
				GCC_SYMBOLS_PRIVATE_EXTERN = NO;
				GCC_WARN_64_TO_32_BIT_CONVERSION = YES;
				GCC_WARN_ABOUT_RETURN_TYPE = YES_ERROR;
				GCC_WARN_UNDECLARED_SELECTOR = YES;
				GCC_WARN_UNINITIALIZED_AUTOS = YES_AGGRESSIVE;
				GCC_WARN_UNUSED_FUNCTION = YES;
				GCC_WARN_UNUSED_VARIABLE = YES;
				IPHONEOS_DEPLOYMENT_TARGET = 7.1;
				ONLY_ACTIVE_ARCH = YES;
				SDKROOT = iphoneos;
				TARGETED_DEVICE_FAMILY = "1,2";
			};
			name = Debug;
		};
		AA331EB61935E50C001549EB /* Release */ = {
			isa = XCBuildConfiguration;
			buildSettings = {
				ALWAYS_SEARCH_USER_PATHS = NO;
				CLANG_CXX_LANGUAGE_STANDARD = "gnu++0x";
				CLANG_CXX_LIBRARY = "libc++";
				CLANG_ENABLE_MODULES = YES;
				CLANG_ENABLE_OBJC_ARC = YES;
				CLANG_WARN_BOOL_CONVERSION = YES;
				CLANG_WARN_CONSTANT_CONVERSION = YES;
				CLANG_WARN_DIRECT_OBJC_ISA_USAGE = YES_ERROR;
				CLANG_WARN_EMPTY_BODY = YES;
				CLANG_WARN_ENUM_CONVERSION = YES;
				CLANG_WARN_INT_CONVERSION = YES;
				CLANG_WARN_OBJC_ROOT_CLASS = YES_ERROR;
				CLANG_WARN__DUPLICATE_METHOD_MATCH = YES;
				"CODE_SIGN_IDENTITY[sdk=iphoneos*]" = "iPhone Developer";
				COPY_PHASE_STRIP = YES;
				ENABLE_NS_ASSERTIONS = NO;
				GCC_C_LANGUAGE_STANDARD = gnu99;
				GCC_WARN_64_TO_32_BIT_CONVERSION = YES;
				GCC_WARN_ABOUT_RETURN_TYPE = YES_ERROR;
				GCC_WARN_UNDECLARED_SELECTOR = YES;
				GCC_WARN_UNINITIALIZED_AUTOS = YES_AGGRESSIVE;
				GCC_WARN_UNUSED_FUNCTION = YES;
				GCC_WARN_UNUSED_VARIABLE = YES;
				IPHONEOS_DEPLOYMENT_TARGET = 7.1;
				SDKROOT = iphoneos;
				TARGETED_DEVICE_FAMILY = "1,2";
				VALIDATE_PRODUCT = YES;
			};
			name = Release;
		};
		AA331EB81935E50C001549EB /* Debug */ = {
			isa = XCBuildConfiguration;
			buildSettings = {
				ASSETCATALOG_COMPILER_APPICON_NAME = AppIcon;
				ASSETCATALOG_COMPILER_LAUNCHIMAGE_NAME = LaunchImage;
				GCC_PRECOMPILE_PREFIX_HEADER = YES;
				GCC_PREFIX_HEADER = "ExampleCustomContent/ExampleCustomContent-Prefix.pch";
				INFOPLIST_FILE = "ExampleCustomContent/ExampleCustomContent-Info.plist";
				LIBRARY_SEARCH_PATHS = "$(inherited)";
				OTHER_LDFLAGS = "-ObjC";
				PRODUCT_NAME = "$(TARGET_NAME)";
				WRAPPER_EXTENSION = app;
			};
			name = Debug;
		};
		AA331EB91935E50C001549EB /* Release */ = {
			isa = XCBuildConfiguration;
			buildSettings = {
				ASSETCATALOG_COMPILER_APPICON_NAME = AppIcon;
				ASSETCATALOG_COMPILER_LAUNCHIMAGE_NAME = LaunchImage;
				GCC_PRECOMPILE_PREFIX_HEADER = YES;
				GCC_PREFIX_HEADER = "ExampleCustomContent/ExampleCustomContent-Prefix.pch";
				INFOPLIST_FILE = "ExampleCustomContent/ExampleCustomContent-Info.plist";
				LIBRARY_SEARCH_PATHS = "$(inherited)";
				OTHER_LDFLAGS = "-ObjC";
				PRODUCT_NAME = "$(TARGET_NAME)";
				WRAPPER_EXTENSION = app;
			};
			name = Release;
		};
		AA331EBB1935E50C001549EB /* Debug */ = {
			isa = XCBuildConfiguration;
			buildSettings = {
				BUNDLE_LOADER = "$(BUILT_PRODUCTS_DIR)/ExampleCustomContent.app/ExampleCustomContent";
				FRAMEWORK_SEARCH_PATHS = (
					"$(SDKROOT)/Developer/Library/Frameworks",
					"$(inherited)",
					"$(DEVELOPER_FRAMEWORKS_DIR)",
				);
				GCC_PRECOMPILE_PREFIX_HEADER = YES;
				GCC_PREFIX_HEADER = "ExampleCustomContent/ExampleCustomContent-Prefix.pch";
				GCC_PREPROCESSOR_DEFINITIONS = (
					"DEBUG=1",
					"$(inherited)",
				);
				INFOPLIST_FILE = "ExampleCustomContentTests/ExampleCustomContentTests-Info.plist";
				PRODUCT_NAME = "$(TARGET_NAME)";
				TEST_HOST = "$(BUNDLE_LOADER)";
				WRAPPER_EXTENSION = xctest;
			};
			name = Debug;
		};
		AA331EBC1935E50C001549EB /* Release */ = {
			isa = XCBuildConfiguration;
			buildSettings = {
				BUNDLE_LOADER = "$(BUILT_PRODUCTS_DIR)/ExampleCustomContent.app/ExampleCustomContent";
				FRAMEWORK_SEARCH_PATHS = (
					"$(SDKROOT)/Developer/Library/Frameworks",
					"$(inherited)",
					"$(DEVELOPER_FRAMEWORKS_DIR)",
				);
				GCC_PRECOMPILE_PREFIX_HEADER = YES;
				GCC_PREFIX_HEADER = "ExampleCustomContent/ExampleCustomContent-Prefix.pch";
				INFOPLIST_FILE = "ExampleCustomContentTests/ExampleCustomContentTests-Info.plist";
				PRODUCT_NAME = "$(TARGET_NAME)";
				TEST_HOST = "$(BUNDLE_LOADER)";
				WRAPPER_EXTENSION = xctest;
			};
			name = Release;
		};
/* End XCBuildConfiguration section */

/* Begin XCConfigurationList section */
		AA331E861935E50C001549EB /* Build configuration list for PBXProject "ExampleCustomContent" */ = {
			isa = XCConfigurationList;
			buildConfigurations = (
				AA331EB51935E50C001549EB /* Debug */,
				AA331EB61935E50C001549EB /* Release */,
			);
			defaultConfigurationIsVisible = 0;
			defaultConfigurationName = Release;
		};
		AA331EB71935E50C001549EB /* Build configuration list for PBXNativeTarget "ExampleCustomContent" */ = {
			isa = XCConfigurationList;
			buildConfigurations = (
				AA331EB81935E50C001549EB /* Debug */,
				AA331EB91935E50C001549EB /* Release */,
			);
			defaultConfigurationIsVisible = 0;
			defaultConfigurationName = Release;
		};
		AA331EBA1935E50C001549EB /* Build configuration list for PBXNativeTarget "ExampleCustomContentTests" */ = {
			isa = XCConfigurationList;
			buildConfigurations = (
				AA331EBB1935E50C001549EB /* Debug */,
				AA331EBC1935E50C001549EB /* Release */,
			);
			defaultConfigurationIsVisible = 0;
			defaultConfigurationName = Release;
		};
/* End XCConfigurationList section */
	};
	rootObject = AA331E831935E50C001549EB /* Project object */;
}
